// !$*UTF8*$!
{
	archiveVersion = 1;
	classes = {
	};
	objectVersion = 46;
	objects = {

/* Begin PBXBuildFile section */
		53F927251B4BAE6B00ECF807 /* main.m in Sources */ = {isa = PBXBuildFile; fileRef = 53F927241B4BAE6B00ECF807 /* main.m */; };
		53F927281B4BAE6B00ECF807 /* AppDelegate.m in Sources */ = {isa = PBXBuildFile; fileRef = 53F927271B4BAE6B00ECF807 /* AppDelegate.m */; };
		53F9272B1B4BAE6B00ECF807 /* ViewController.m in Sources */ = {isa = PBXBuildFile; fileRef = 53F9272A1B4BAE6B00ECF807 /* ViewController.m */; };
		53F9272E1B4BAE6B00ECF807 /* Main.storyboard in Resources */ = {isa = PBXBuildFile; fileRef = 53F9272C1B4BAE6B00ECF807 /* Main.storyboard */; };
		53F927301B4BAE6B00ECF807 /* Images.xcassets in Resources */ = {isa = PBXBuildFile; fileRef = 53F9272F1B4BAE6B00ECF807 /* Images.xcassets */; };
		53F927331B4BAE6B00ECF807 /* LaunchScreen.xib in Resources */ = {isa = PBXBuildFile; fileRef = 53F927311B4BAE6B00ECF807 /* LaunchScreen.xib */; };
		53F9273F1B4BAE6B00ECF807 /* PicTalkTests.m in Sources */ = {isa = PBXBuildFile; fileRef = 53F9273E1B4BAE6B00ECF807 /* PicTalkTests.m */; };
/* End PBXBuildFile section */

/* Begin PBXContainerItemProxy section */
		53F927391B4BAE6B00ECF807 /* PBXContainerItemProxy */ = {
			isa = PBXContainerItemProxy;
			containerPortal = 53F927171B4BAE6A00ECF807 /* Project object */;
			proxyType = 1;
			remoteGlobalIDString = 53F9271E1B4BAE6A00ECF807;
			remoteInfo = PicTalk;
		};
/* End PBXContainerItemProxy section */

/* Begin PBXFileReference section */
		53F9271F1B4BAE6A00ECF807 /* PicTalk.app */ = {isa = PBXFileReference; explicitFileType = wrapper.application; includeInIndex = 0; path = PicTalk.app; sourceTree = BUILT_PRODUCTS_DIR; };
		53F927231B4BAE6B00ECF807 /* Info.plist */ = {isa = PBXFileReference; lastKnownFileType = text.plist.xml; path = Info.plist; sourceTree = "<group>"; };
		53F927241B4BAE6B00ECF807 /* main.m */ = {isa = PBXFileReference; lastKnownFileType = sourcecode.c.objc; path = main.m; sourceTree = "<group>"; };
		53F927261B4BAE6B00ECF807 /* AppDelegate.h */ = {isa = PBXFileReference; lastKnownFileType = sourcecode.c.h; path = AppDelegate.h; sourceTree = "<group>"; };
		53F927271B4BAE6B00ECF807 /* AppDelegate.m */ = {isa = PBXFileReference; lastKnownFileType = sourcecode.c.objc; path = AppDelegate.m; sourceTree = "<group>"; };
		53F927291B4BAE6B00ECF807 /* ViewController.h */ = {isa = PBXFileReference; lastKnownFileType = sourcecode.c.h; path = ViewController.h; sourceTree = "<group>"; };
		53F9272A1B4BAE6B00ECF807 /* ViewController.m */ = {isa = PBXFileReference; lastKnownFileType = sourcecode.c.objc; path = ViewController.m; sourceTree = "<group>"; };
		53F9272D1B4BAE6B00ECF807 /* Base */ = {isa = PBXFileReference; lastKnownFileType = file.storyboard; name = Base; path = Base.lproj/Main.storyboard; sourceTree = "<group>"; };
		53F9272F1B4BAE6B00ECF807 /* Images.xcassets */ = {isa = PBXFileReference; lastKnownFileType = folder.assetcatalog; path = Images.xcassets; sourceTree = "<group>"; };
		53F927321B4BAE6B00ECF807 /* Base */ = {isa = PBXFileReference; lastKnownFileType = file.xib; name = Base; path = Base.lproj/LaunchScreen.xib; sourceTree = "<group>"; };
		53F927381B4BAE6B00ECF807 /* PicTalkTests.xctest */ = {isa = PBXFileReference; explicitFileType = wrapper.cfbundle; includeInIndex = 0; path = PicTalkTests.xctest; sourceTree = BUILT_PRODUCTS_DIR; };
		53F9273D1B4BAE6B00ECF807 /* Info.plist */ = {isa = PBXFileReference; lastKnownFileType = text.plist.xml; path = Info.plist; sourceTree = "<group>"; };
		53F9273E1B4BAE6B00ECF807 /* PicTalkTests.m */ = {isa = PBXFileReference; lastKnownFileType = sourcecode.c.objc; path = PicTalkTests.m; sourceTree = "<group>"; };
/* End PBXFileReference section */

/* Begin PBXFrameworksBuildPhase section */
		53F9271C1B4BAE6A00ECF807 /* Frameworks */ = {
			isa = PBXFrameworksBuildPhase;
			buildActionMask = 2147483647;
			files = (
			);
			runOnlyForDeploymentPostprocessing = 0;
		};
		53F927351B4BAE6B00ECF807 /* Frameworks */ = {
			isa = PBXFrameworksBuildPhase;
			buildActionMask = 2147483647;
			files = (
			);
			runOnlyForDeploymentPostprocessing = 0;
		};
/* End PBXFrameworksBuildPhase section */

/* Begin PBXGroup section */
		53F927161B4BAE6A00ECF807 = {
			isa = PBXGroup;
			children = (
				53F927211B4BAE6A00ECF807 /* PicTalk */,
				53F9273B1B4BAE6B00ECF807 /* PicTalkTests */,
				53F927201B4BAE6A00ECF807 /* Products */,
			);
			sourceTree = "<group>";
		};
		53F927201B4BAE6A00ECF807 /* Products */ = {
			isa = PBXGroup;
			children = (
				53F9271F1B4BAE6A00ECF807 /* PicTalk.app */,
				53F927381B4BAE6B00ECF807 /* PicTalkTests.xctest */,
			);
			name = Products;
			sourceTree = "<group>";
		};
		53F927211B4BAE6A00ECF807 /* PicTalk */ = {
			isa = PBXGroup;
			children = (
				53F927261B4BAE6B00ECF807 /* AppDelegate.h */,
				53F927271B4BAE6B00ECF807 /* AppDelegate.m */,
				53F927291B4BAE6B00ECF807 /* ViewController.h */,
				53F9272A1B4BAE6B00ECF807 /* ViewController.m */,
				53F9272C1B4BAE6B00ECF807 /* Main.storyboard */,
				53F9272F1B4BAE6B00ECF807 /* Images.xcassets */,
				53F927311B4BAE6B00ECF807 /* LaunchScreen.xib */,
				53F927221B4BAE6B00ECF807 /* Supporting Files */,
			);
			path = PicTalk;
			sourceTree = "<group>";
		};
		53F927221B4BAE6B00ECF807 /* Supporting Files */ = {
			isa = PBXGroup;
			children = (
				53F927231B4BAE6B00ECF807 /* Info.plist */,
				53F927241B4BAE6B00ECF807 /* main.m */,
			);
			name = "Supporting Files";
			sourceTree = "<group>";
		};
		53F9273B1B4BAE6B00ECF807 /* PicTalkTests */ = {
			isa = PBXGroup;
			children = (
				53F9273E1B4BAE6B00ECF807 /* PicTalkTests.m */,
				53F9273C1B4BAE6B00ECF807 /* Supporting Files */,
			);
			path = PicTalkTests;
			sourceTree = "<group>";
		};
		53F9273C1B4BAE6B00ECF807 /* Supporting Files */ = {
			isa = PBXGroup;
			children = (
				53F9273D1B4BAE6B00ECF807 /* Info.plist */,
			);
			name = "Supporting Files";
			sourceTree = "<group>";
		};
/* End PBXGroup section */

/* Begin PBXNativeTarget section */
		53F9271E1B4BAE6A00ECF807 /* PicTalk */ = {
			isa = PBXNativeTarget;
			buildConfigurationList = 53F927421B4BAE6B00ECF807 /* Build configuration list for PBXNativeTarget "PicTalk" */;
			buildPhases = (
				53F9271B1B4BAE6A00ECF807 /* Sources */,
				53F9271C1B4BAE6A00ECF807 /* Frameworks */,
				53F9271D1B4BAE6A00ECF807 /* Resources */,
			);
			buildRules = (
			);
			dependencies = (
			);
			name = PicTalk;
			productName = PicTalk;
			productReference = 53F9271F1B4BAE6A00ECF807 /* PicTalk.app */;
			productType = "com.apple.product-type.application";
		};
		53F927371B4BAE6B00ECF807 /* PicTalkTests */ = {
			isa = PBXNativeTarget;
			buildConfigurationList = 53F927451B4BAE6B00ECF807 /* Build configuration list for PBXNativeTarget "PicTalkTests" */;
			buildPhases = (
				53F927341B4BAE6B00ECF807 /* Sources */,
				53F927351B4BAE6B00ECF807 /* Frameworks */,
				53F927361B4BAE6B00ECF807 /* Resources */,
			);
			buildRules = (
			);
			dependencies = (
				53F9273A1B4BAE6B00ECF807 /* PBXTargetDependency */,
			);
			name = PicTalkTests;
			productName = PicTalkTests;
			productReference = 53F927381B4BAE6B00ECF807 /* PicTalkTests.xctest */;
			productType = "com.apple.product-type.bundle.unit-test";
		};
/* End PBXNativeTarget section */

/* Begin PBXProject section */
		53F927171B4BAE6A00ECF807 /* Project object */ = {
			isa = PBXProject;
			attributes = {
				LastUpgradeCheck = 0630;
				ORGANIZATIONNAME = wangzhong;
				TargetAttributes = {
					53F9271E1B4BAE6A00ECF807 = {
						CreatedOnToolsVersion = 6.3;
					};
					53F927371B4BAE6B00ECF807 = {
						CreatedOnToolsVersion = 6.3;
						TestTargetID = 53F9271E1B4BAE6A00ECF807;
					};
				};
			};
			buildConfigurationList = 53F9271A1B4BAE6A00ECF807 /* Build configuration list for PBXProject "PicTalk" */;
			compatibilityVersion = "Xcode 3.2";
			developmentRegion = English;
			hasScannedForEncodings = 0;
			knownRegions = (
				en,
				Base,
			);
			mainGroup = 53F927161B4BAE6A00ECF807;
			productRefGroup = 53F927201B4BAE6A00ECF807 /* Products */;
			projectDirPath = "";
			projectRoot = "";
			targets = (
				53F9271E1B4BAE6A00ECF807 /* PicTalk */,
				53F927371B4BAE6B00ECF807 /* PicTalkTests */,
			);
		};
/* End PBXProject section */

/* Begin PBXResourcesBuildPhase section */
		53F9271D1B4BAE6A00ECF807 /* Resources */ = {
			isa = PBXResourcesBuildPhase;
			buildActionMask = 2147483647;
			files = (
				53F9272E1B4BAE6B00ECF807 /* Main.storyboard in Resources */,
				53F927331B4BAE6B00ECF807 /* LaunchScreen.xib in Resources */,
				53F927301B4BAE6B00ECF807 /* Images.xcassets in Resources */,
			);
			runOnlyForDeploymentPostprocessing = 0;
		};
		53F927361B4BAE6B00ECF807 /* Resources */ = {
			isa = PBXResourcesBuildPhase;
			buildActionMask = 2147483647;
			files = (
			);
			runOnlyForDeploymentPostprocessing = 0;
		};
/* End PBXResourcesBuildPhase section */

/* Begin PBXSourcesBuildPhase section */
		53F9271B1B4BAE6A00ECF807 /* Sources */ = {
			isa = PBXSourcesBuildPhase;
			buildActionMask = 2147483647;
			files = (
				53F9272B1B4BAE6B00ECF807 /* ViewController.m in Sources */,
				53F927281B4BAE6B00ECF807 /* AppDelegate.m in Sources */,
				53F927251B4BAE6B00ECF807 /* main.m in Sources */,
			);
			runOnlyForDeploymentPostprocessing = 0;
		};
		53F927341B4BAE6B00ECF807 /* Sources */ = {
			isa = PBXSourcesBuildPhase;
			buildActionMask = 2147483647;
			files = (
				53F9273F1B4BAE6B00ECF807 /* PicTalkTests.m in Sources */,
			);
			runOnlyForDeploymentPostprocessing = 0;
		};
/* End PBXSourcesBuildPhase section */

/* Begin PBXTargetDependency section */
		53F9273A1B4BAE6B00ECF807 /* PBXTargetDependency */ = {
			isa = PBXTargetDependency;
			target = 53F9271E1B4BAE6A00ECF807 /* PicTalk */;
			targetProxy = 53F927391B4BAE6B00ECF807 /* PBXContainerItemProxy */;
		};
/* End PBXTargetDependency section */

/* Begin PBXVariantGroup section */
		53F9272C1B4BAE6B00ECF807 /* Main.storyboard */ = {
			isa = PBXVariantGroup;
			children = (
				53F9272D1B4BAE6B00ECF807 /* Base */,
			);
			name = Main.storyboard;
			sourceTree = "<group>";
		};
		53F927311B4BAE6B00ECF807 /* LaunchScreen.xib */ = {
			isa = PBXVariantGroup;
			children = (
				53F927321B4BAE6B00ECF807 /* Base */,
			);
			name = LaunchScreen.xib;
			sourceTree = "<group>";
		};
/* End PBXVariantGroup section */

/* Begin XCBuildConfiguration section */
		53F927401B4BAE6B00ECF807 /* Debug */ = {
			isa = XCBuildConfiguration;
			buildSettings = {
				ALWAYS_SEARCH_USER_PATHS = NO;
				CLANG_CXX_LANGUAGE_STANDARD = "gnu++0x";
				CLANG_CXX_LIBRARY = "libc++";
				CLANG_ENABLE_MODULES = YES;
				CLANG_ENABLE_OBJC_ARC = YES;
				CLANG_WARN_BOOL_CONVERSION = YES;
				CLANG_WARN_CONSTANT_CONVERSION = YES;
				CLANG_WARN_DIRECT_OBJC_ISA_USAGE = YES_ERROR;
				CLANG_WARN_EMPTY_BODY = YES;
				CLANG_WARN_ENUM_CONVERSION = YES;
				CLANG_WARN_INT_CONVERSION = YES;
				CLANG_WARN_OBJC_ROOT_CLASS = YES_ERROR;
				CLANG_WARN_UNREACHABLE_CODE = YES;
				CLANG_WARN__DUPLICATE_METHOD_MATCH = YES;
				"CODE_SIGN_IDENTITY[sdk=iphoneos*]" = "iPhone Developer";
				COPY_PHASE_STRIP = NO;
				DEBUG_INFORMATION_FORMAT = "dwarf-with-dsym";
				ENABLE_STRICT_OBJC_MSGSEND = YES;
				GCC_C_LANGUAGE_STANDARD = gnu99;
				GCC_DYNAMIC_NO_PIC = NO;
				GCC_NO_COMMON_BLOCKS = YES;
				GCC_OPTIMIZATION_LEVEL = 0;
				GCC_PREPROCESSOR_DEFINITIONS = (
					"DEBUG=1",
					"$(inherited)",
				);
				GCC_SYMBOLS_PRIVATE_EXTERN = NO;
				GCC_WARN_64_TO_32_BIT_CONVERSION = YES;
				GCC_WARN_ABOUT_RETURN_TYPE = YES_ERROR;
				GCC_WARN_UNDECLARED_SELECTOR = YES;
				GCC_WARN_UNINITIALIZED_AUTOS = YES_AGGRESSIVE;
				GCC_WARN_UNUSED_FUNCTION = YES;
				GCC_WARN_UNUSED_VARIABLE = YES;
				IPHONEOS_DEPLOYMENT_TARGET = 8.3;
				MTL_ENABLE_DEBUG_INFO = YES;
				ONLY_ACTIVE_ARCH = YES;
				SDKROOT = iphoneos;
			};
			name = Debug;
		};
		53F927411B4BAE6B00ECF807 /* Release */ = {
			isa = XCBuildConfiguration;
			buildSettings = {
				ALWAYS_SEARCH_USER_PATHS = NO;
				CLANG_CXX_LANGUAGE_STANDARD = "gnu++0x";
				CLANG_CXX_LIBRARY = "libc++";
				CLANG_ENABLE_MODULES = YES;
				CLANG_ENABLE_OBJC_ARC = YES;
				CLANG_WARN_BOOL_CONVERSION = YES;
				CLANG_WARN_CONSTANT_CONVERSION = YES;
				CLANG_WARN_DIRECT_OBJC_ISA_USAGE = YES_ERROR;
				CLANG_WARN_EMPTY_BODY = YES;
				CLANG_WARN_ENUM_CONVERSION = YES;
				CLANG_WARN_INT_CONVERSION = YES;
				CLANG_WARN_OBJC_ROOT_CLASS = YES_ERROR;
				CLANG_WARN_UNREACHABLE_CODE = YES;
				CLANG_WARN__DUPLICATE_METHOD_MATCH = YES;
				"CODE_SIGN_IDENTITY[sdk=iphoneos*]" = "iPhone Developer";
				COPY_PHASE_STRIP = NO;
				DEBUG_INFORMATION_FORMAT = "dwarf-with-dsym";
				ENABLE_NS_ASSERTIONS = NO;
				ENABLE_STRICT_OBJC_MSGSEND = YES;
				GCC_C_LANGUAGE_STANDARD = gnu99;
				GCC_NO_COMMON_BLOCKS = YES;
				GCC_WARN_64_TO_32_BIT_CONVERSION = YES;
				GCC_WARN_ABOUT_RETURN_TYPE = YES_ERROR;
				GCC_WARN_UNDECLARED_SELECTOR = YES;
				GCC_WARN_UNINITIALIZED_AUTOS = YES_AGGRESSIVE;
				GCC_WARN_UNUSED_FUNCTION = YES;
				GCC_WARN_UNUSED_VARIABLE = YES;
				IPHONEOS_DEPLOYMENT_TARGET = 8.3;
				MTL_ENABLE_DEBUG_INFO = NO;
				SDKROOT = iphoneos;
				VALIDATE_PRODUCT = YES;
			};
			name = Release;
		};
		53F927431B4BAE6B00ECF807 /* Debug */ = {
			isa = XCBuildConfiguration;
			buildSettings = {
				ASSETCATALOG_COMPILER_APPICON_NAME = AppIcon;
				INFOPLIST_FILE = PicTalk/Info.plist;
				LD_RUNPATH_SEARCH_PATHS = "$(inherited) @executable_path/Frameworks";
				PRODUCT_NAME = "$(TARGET_NAME)";
			};
			name = Debug;
		};
		53F927441B4BAE6B00ECF807 /* Release */ = {
			isa = XCBuildConfiguration;
			buildSettings = {
				ASSETCATALOG_COMPILER_APPICON_NAME = AppIcon;
				INFOPLIST_FILE = PicTalk/Info.plist;
				LD_RUNPATH_SEARCH_PATHS = "$(inherited) @executable_path/Frameworks";
				PRODUCT_NAME = "$(TARGET_NAME)";
			};
			name = Release;
		};
		53F927461B4BAE6B00ECF807 /* Debug */ = {
			isa = XCBuildConfiguration;
			buildSettings = {
				BUNDLE_LOADER = "$(TEST_HOST)";
				FRAMEWORK_SEARCH_PATHS = (
					"$(SDKROOT)/Developer/Library/Frameworks",
					"$(inherited)",
				);
				GCC_PREPROCESSOR_DEFINITIONS = (
					"DEBUG=1",
					"$(inherited)",
				);
				INFOPLIST_FILE = PicTalkTests/Info.plist;
				LD_RUNPATH_SEARCH_PATHS = "$(inherited) @executable_path/Frameworks @loader_path/Frameworks";
				PRODUCT_NAME = "$(TARGET_NAME)";
				TEST_HOST = "$(BUILT_PRODUCTS_DIR)/PicTalk.app/PicTalk";
			};
			name = Debug;
		};
		53F927471B4BAE6B00ECF807 /* Release */ = {
			isa = XCBuildConfiguration;
			buildSettings = {
				BUNDLE_LOADER = "$(TEST_HOST)";
				FRAMEWORK_SEARCH_PATHS = (
					"$(SDKROOT)/Developer/Library/Frameworks",
					"$(inherited)",
				);
				INFOPLIST_FILE = PicTalkTests/Info.plist;
				LD_RUNPATH_SEARCH_PATHS = "$(inherited) @executable_path/Frameworks @loader_path/Frameworks";
				PRODUCT_NAME = "$(TARGET_NAME)";
				TEST_HOST = "$(BUILT_PRODUCTS_DIR)/PicTalk.app/PicTalk";
			};
			name = Release;
		};
/* End XCBuildConfiguration section */

/* Begin XCConfigurationList section */
		53F9271A1B4BAE6A00ECF807 /* Build configuration list for PBXProject "PicTalk" */ = {
			isa = XCConfigurationList;
			buildConfigurations = (
				53F927401B4BAE6B00ECF807 /* Debug */,
				53F927411B4BAE6B00ECF807 /* Release */,
			);
			defaultConfigurationIsVisible = 0;
			defaultConfigurationName = Release;
		};
		53F927421B4BAE6B00ECF807 /* Build configuration list for PBXNativeTarget "PicTalk" */ = {
			isa = XCConfigurationList;
			buildConfigurations = (
				53F927431B4BAE6B00ECF807 /* Debug */,
				53F927441B4BAE6B00ECF807 /* Release */,
			);
			defaultConfigurationIsVisible = 0;
		};
		53F927451B4BAE6B00ECF807 /* Build configuration list for PBXNativeTarget "PicTalkTests" */ = {
			isa = XCConfigurationList;
			buildConfigurations = (
				53F927461B4BAE6B00ECF807 /* Debug */,
				53F927471B4BAE6B00ECF807 /* Release */,
			);
			defaultConfigurationIsVisible = 0;
		};
/* End XCConfigurationList section */
	};
	rootObject = 53F927171B4BAE6A00ECF807 /* Project object */;
}
